// !$*UTF8*$!
{
	archiveVersion = 1;
	classes = {
	};
	objectVersion = 48;
	objects = {

/* Begin PBXBuildFile section */
		19F09BADF0DE02FE6B3360D4 /* Pods_APODTests.framework in Frameworks */ = {isa = PBXBuildFile; fileRef = D7CC09D8AA1E9532F587EAFA /* Pods_APODTests.framework */; };
		889B3161206885D500B1F5FE /* AppDelegate.swift in Sources */ = {isa = PBXBuildFile; fileRef = 889B3160206885D500B1F5FE /* AppDelegate.swift */; };
		889B3163206885D500B1F5FE /* ViewController.swift in Sources */ = {isa = PBXBuildFile; fileRef = 889B3162206885D500B1F5FE /* ViewController.swift */; };
		889B3166206885D500B1F5FE /* Main.storyboard in Resources */ = {isa = PBXBuildFile; fileRef = 889B3164206885D500B1F5FE /* Main.storyboard */; };
		889B3168206885D500B1F5FE /* Assets.xcassets in Resources */ = {isa = PBXBuildFile; fileRef = 889B3167206885D500B1F5FE /* Assets.xcassets */; };
		889B316B206885D500B1F5FE /* LaunchScreen.storyboard in Resources */ = {isa = PBXBuildFile; fileRef = 889B3169206885D500B1F5FE /* LaunchScreen.storyboard */; };
		889B3176206885D600B1F5FE /* APODTests.swift in Sources */ = {isa = PBXBuildFile; fileRef = 889B3175206885D600B1F5FE /* APODTests.swift */; };
		889B3181206885D600B1F5FE /* APODUITests.swift in Sources */ = {isa = PBXBuildFile; fileRef = 889B3180206885D600B1F5FE /* APODUITests.swift */; };
		B990F9231679007E1418CE6F /* Pods_APODUITests.framework in Frameworks */ = {isa = PBXBuildFile; fileRef = 107245D79D31594260504EE8 /* Pods_APODUITests.framework */; };
		E1379DC69D4782BBB78BB411 /* Pods_APOD.framework in Frameworks */ = {isa = PBXBuildFile; fileRef = FC2BA8CD6A7681B2BCE5A1A2 /* Pods_APOD.framework */; };
/* End PBXBuildFile section */

/* Begin PBXContainerItemProxy section */
		889B3172206885D600B1F5FE /* PBXContainerItemProxy */ = {
			isa = PBXContainerItemProxy;
			containerPortal = 889B3155206885D500B1F5FE /* Project object */;
			proxyType = 1;
			remoteGlobalIDString = 889B315C206885D500B1F5FE;
			remoteInfo = APOD;
		};
		889B317D206885D600B1F5FE /* PBXContainerItemProxy */ = {
			isa = PBXContainerItemProxy;
			containerPortal = 889B3155206885D500B1F5FE /* Project object */;
			proxyType = 1;
			remoteGlobalIDString = 889B315C206885D500B1F5FE;
			remoteInfo = APOD;
		};
/* End PBXContainerItemProxy section */

/* Begin PBXFileReference section */
		107245D79D31594260504EE8 /* Pods_APODUITests.framework */ = {isa = PBXFileReference; explicitFileType = wrapper.framework; includeInIndex = 0; path = Pods_APODUITests.framework; sourceTree = BUILT_PRODUCTS_DIR; };
		4A39DE5FFC45D308A86DE5C4 /* Pods-APODUITests.debug.xcconfig */ = {isa = PBXFileReference; includeInIndex = 1; lastKnownFileType = text.xcconfig; name = "Pods-APODUITests.debug.xcconfig"; path = "Pods/Target Support Files/Pods-APODUITests/Pods-APODUITests.debug.xcconfig"; sourceTree = "<group>"; };
		6377A0589985588A624D2CCA /* Pods-APODUITests.release.xcconfig */ = {isa = PBXFileReference; includeInIndex = 1; lastKnownFileType = text.xcconfig; name = "Pods-APODUITests.release.xcconfig"; path = "Pods/Target Support Files/Pods-APODUITests/Pods-APODUITests.release.xcconfig"; sourceTree = "<group>"; };
		7496C3FD569C54D1DDB91D65 /* Pods-APODTests.debug.xcconfig */ = {isa = PBXFileReference; includeInIndex = 1; lastKnownFileType = text.xcconfig; name = "Pods-APODTests.debug.xcconfig"; path = "Pods/Target Support Files/Pods-APODTests/Pods-APODTests.debug.xcconfig"; sourceTree = "<group>"; };
		85BDC472AEC4C284BAAED494 /* Pods-APOD.debug.xcconfig */ = {isa = PBXFileReference; includeInIndex = 1; lastKnownFileType = text.xcconfig; name = "Pods-APOD.debug.xcconfig"; path = "Pods/Target Support Files/Pods-APOD/Pods-APOD.debug.xcconfig"; sourceTree = "<group>"; };
		889B315D206885D500B1F5FE /* APOD.app */ = {isa = PBXFileReference; explicitFileType = wrapper.application; includeInIndex = 0; path = APOD.app; sourceTree = BUILT_PRODUCTS_DIR; };
		889B3160206885D500B1F5FE /* AppDelegate.swift */ = {isa = PBXFileReference; lastKnownFileType = sourcecode.swift; path = AppDelegate.swift; sourceTree = "<group>"; };
		889B3162206885D500B1F5FE /* ViewController.swift */ = {isa = PBXFileReference; lastKnownFileType = sourcecode.swift; path = ViewController.swift; sourceTree = "<group>"; };
		889B3165206885D500B1F5FE /* Base */ = {isa = PBXFileReference; lastKnownFileType = file.storyboard; name = Base; path = Base.lproj/Main.storyboard; sourceTree = "<group>"; };
		889B3167206885D500B1F5FE /* Assets.xcassets */ = {isa = PBXFileReference; lastKnownFileType = folder.assetcatalog; path = Assets.xcassets; sourceTree = "<group>"; };
		889B316A206885D500B1F5FE /* Base */ = {isa = PBXFileReference; lastKnownFileType = file.storyboard; name = Base; path = Base.lproj/LaunchScreen.storyboard; sourceTree = "<group>"; };
		889B316C206885D500B1F5FE /* Info.plist */ = {isa = PBXFileReference; lastKnownFileType = text.plist.xml; path = Info.plist; sourceTree = "<group>"; };
		889B3171206885D600B1F5FE /* APODTests.xctest */ = {isa = PBXFileReference; explicitFileType = wrapper.cfbundle; includeInIndex = 0; path = APODTests.xctest; sourceTree = BUILT_PRODUCTS_DIR; };
		889B3175206885D600B1F5FE /* APODTests.swift */ = {isa = PBXFileReference; lastKnownFileType = sourcecode.swift; path = APODTests.swift; sourceTree = "<group>"; };
		889B3177206885D600B1F5FE /* Info.plist */ = {isa = PBXFileReference; lastKnownFileType = text.plist.xml; path = Info.plist; sourceTree = "<group>"; };
		889B317C206885D600B1F5FE /* APODUITests.xctest */ = {isa = PBXFileReference; explicitFileType = wrapper.cfbundle; includeInIndex = 0; path = APODUITests.xctest; sourceTree = BUILT_PRODUCTS_DIR; };
		889B3180206885D600B1F5FE /* APODUITests.swift */ = {isa = PBXFileReference; lastKnownFileType = sourcecode.swift; path = APODUITests.swift; sourceTree = "<group>"; };
		889B3182206885D600B1F5FE /* Info.plist */ = {isa = PBXFileReference; lastKnownFileType = text.plist.xml; path = Info.plist; sourceTree = "<group>"; };
		9F56D342AE3CEB339A576E21 /* Pods-APODTests.release.xcconfig */ = {isa = PBXFileReference; includeInIndex = 1; lastKnownFileType = text.xcconfig; name = "Pods-APODTests.release.xcconfig"; path = "Pods/Target Support Files/Pods-APODTests/Pods-APODTests.release.xcconfig"; sourceTree = "<group>"; };
		D7CC09D8AA1E9532F587EAFA /* Pods_APODTests.framework */ = {isa = PBXFileReference; explicitFileType = wrapper.framework; includeInIndex = 0; path = Pods_APODTests.framework; sourceTree = BUILT_PRODUCTS_DIR; };
		FB7A6E54ADCD6F29F80791FA /* Pods-APOD.release.xcconfig */ = {isa = PBXFileReference; includeInIndex = 1; lastKnownFileType = text.xcconfig; name = "Pods-APOD.release.xcconfig"; path = "Pods/Target Support Files/Pods-APOD/Pods-APOD.release.xcconfig"; sourceTree = "<group>"; };
		FC2BA8CD6A7681B2BCE5A1A2 /* Pods_APOD.framework */ = {isa = PBXFileReference; explicitFileType = wrapper.framework; includeInIndex = 0; path = Pods_APOD.framework; sourceTree = BUILT_PRODUCTS_DIR; };
/* End PBXFileReference section */

/* Begin PBXFrameworksBuildPhase section */
		889B315A206885D500B1F5FE /* Frameworks */ = {
			isa = PBXFrameworksBuildPhase;
			buildActionMask = 2147483647;
			files = (
				E1379DC69D4782BBB78BB411 /* Pods_APOD.framework in Frameworks */,
			);
			runOnlyForDeploymentPostprocessing = 0;
		};
		889B316E206885D600B1F5FE /* Frameworks */ = {
			isa = PBXFrameworksBuildPhase;
			buildActionMask = 2147483647;
			files = (
				19F09BADF0DE02FE6B3360D4 /* Pods_APODTests.framework in Frameworks */,
			);
			runOnlyForDeploymentPostprocessing = 0;
		};
		889B3179206885D600B1F5FE /* Frameworks */ = {
			isa = PBXFrameworksBuildPhase;
			buildActionMask = 2147483647;
			files = (
				B990F9231679007E1418CE6F /* Pods_APODUITests.framework in Frameworks */,
			);
			runOnlyForDeploymentPostprocessing = 0;
		};
/* End PBXFrameworksBuildPhase section */

/* Begin PBXGroup section */
		152C85710AAB12F503993E4D /* Frameworks */ = {
			isa = PBXGroup;
			children = (
				FC2BA8CD6A7681B2BCE5A1A2 /* Pods_APOD.framework */,
				D7CC09D8AA1E9532F587EAFA /* Pods_APODTests.framework */,
				107245D79D31594260504EE8 /* Pods_APODUITests.framework */,
			);
			name = Frameworks;
			sourceTree = "<group>";
		};
		889B3154206885D500B1F5FE = {
			isa = PBXGroup;
			children = (
				889B315F206885D500B1F5FE /* APOD */,
				889B3174206885D600B1F5FE /* APODTests */,
				889B317F206885D600B1F5FE /* APODUITests */,
				889B315E206885D500B1F5FE /* Products */,
				9D2311844C8DA49C9C1423D6 /* Pods */,
				152C85710AAB12F503993E4D /* Frameworks */,
			);
			sourceTree = "<group>";
		};
		889B315E206885D500B1F5FE /* Products */ = {
			isa = PBXGroup;
			children = (
				889B315D206885D500B1F5FE /* APOD.app */,
				889B3171206885D600B1F5FE /* APODTests.xctest */,
				889B317C206885D600B1F5FE /* APODUITests.xctest */,
			);
			name = Products;
			sourceTree = "<group>";
		};
		889B315F206885D500B1F5FE /* APOD */ = {
			isa = PBXGroup;
			children = (
				889B3160206885D500B1F5FE /* AppDelegate.swift */,
				889B3162206885D500B1F5FE /* ViewController.swift */,
				889B3164206885D500B1F5FE /* Main.storyboard */,
				889B3167206885D500B1F5FE /* Assets.xcassets */,
				889B3169206885D500B1F5FE /* LaunchScreen.storyboard */,
				889B316C206885D500B1F5FE /* Info.plist */,
			);
			path = APOD;
			sourceTree = "<group>";
		};
		889B3174206885D600B1F5FE /* APODTests */ = {
			isa = PBXGroup;
			children = (
				889B3175206885D600B1F5FE /* APODTests.swift */,
				889B3177206885D600B1F5FE /* Info.plist */,
			);
			path = APODTests;
			sourceTree = "<group>";
		};
		889B317F206885D600B1F5FE /* APODUITests */ = {
			isa = PBXGroup;
			children = (
				889B3180206885D600B1F5FE /* APODUITests.swift */,
				889B3182206885D600B1F5FE /* Info.plist */,
			);
			path = APODUITests;
			sourceTree = "<group>";
		};
		9D2311844C8DA49C9C1423D6 /* Pods */ = {
			isa = PBXGroup;
			children = (
				85BDC472AEC4C284BAAED494 /* Pods-APOD.debug.xcconfig */,
				FB7A6E54ADCD6F29F80791FA /* Pods-APOD.release.xcconfig */,
				7496C3FD569C54D1DDB91D65 /* Pods-APODTests.debug.xcconfig */,
				9F56D342AE3CEB339A576E21 /* Pods-APODTests.release.xcconfig */,
				4A39DE5FFC45D308A86DE5C4 /* Pods-APODUITests.debug.xcconfig */,
				6377A0589985588A624D2CCA /* Pods-APODUITests.release.xcconfig */,
			);
			name = Pods;
			sourceTree = "<group>";
		};
/* End PBXGroup section */

/* Begin PBXNativeTarget section */
		889B315C206885D500B1F5FE /* APOD */ = {
			isa = PBXNativeTarget;
			buildConfigurationList = 889B3185206885D600B1F5FE /* Build configuration list for PBXNativeTarget "APOD" */;
			buildPhases = (
				8A80449B26B141B8E935834A /* [CP] Check Pods Manifest.lock */,
				889B3159206885D500B1F5FE /* Sources */,
				889B315A206885D500B1F5FE /* Frameworks */,
				889B315B206885D500B1F5FE /* Resources */,
				84C95E3C0EFF1435C3589C0D /* [CP] Embed Pods Frameworks */,
				94A5E50A4C8CF53CDB8DC2F1 /* [CP] Copy Pods Resources */,
			);
			buildRules = (
			);
			dependencies = (
			);
			name = APOD;
			productName = APOD;
			productReference = 889B315D206885D500B1F5FE /* APOD.app */;
			productType = "com.apple.product-type.application";
		};
		889B3170206885D600B1F5FE /* APODTests */ = {
			isa = PBXNativeTarget;
			buildConfigurationList = 889B3188206885D600B1F5FE /* Build configuration list for PBXNativeTarget "APODTests" */;
			buildPhases = (
				8275FF1A9323FA8913E94DD8 /* [CP] Check Pods Manifest.lock */,
				889B316D206885D600B1F5FE /* Sources */,
				889B316E206885D600B1F5FE /* Frameworks */,
				889B316F206885D600B1F5FE /* Resources */,
				F0782CBD0E29EB4AABDFCDF9 /* [CP] Embed Pods Frameworks */,
				507B07889B74EDD28FF731E9 /* [CP] Copy Pods Resources */,
			);
			buildRules = (
			);
			dependencies = (
				889B3173206885D600B1F5FE /* PBXTargetDependency */,
			);
			name = APODTests;
			productName = APODTests;
			productReference = 889B3171206885D600B1F5FE /* APODTests.xctest */;
			productType = "com.apple.product-type.bundle.unit-test";
		};
		889B317B206885D600B1F5FE /* APODUITests */ = {
			isa = PBXNativeTarget;
			buildConfigurationList = 889B318B206885D600B1F5FE /* Build configuration list for PBXNativeTarget "APODUITests" */;
			buildPhases = (
				0964705643456007B073AE88 /* [CP] Check Pods Manifest.lock */,
				889B3178206885D600B1F5FE /* Sources */,
				889B3179206885D600B1F5FE /* Frameworks */,
				889B317A206885D600B1F5FE /* Resources */,
				DE5B45441AF5A62CD801D868 /* [CP] Embed Pods Frameworks */,
				C9A3FA6A02E00CA0BC470A02 /* [CP] Copy Pods Resources */,
			);
			buildRules = (
			);
			dependencies = (
				889B317E206885D600B1F5FE /* PBXTargetDependency */,
			);
			name = APODUITests;
			productName = APODUITests;
			productReference = 889B317C206885D600B1F5FE /* APODUITests.xctest */;
			productType = "com.apple.product-type.bundle.ui-testing";
		};
/* End PBXNativeTarget section */

/* Begin PBXProject section */
		889B3155206885D500B1F5FE /* Project object */ = {
			isa = PBXProject;
			attributes = {
				LastSwiftUpdateCheck = 0920;
				LastUpgradeCheck = 0920;
				ORGANIZATIONNAME = Jehad;
				TargetAttributes = {
					889B315C206885D500B1F5FE = {
						CreatedOnToolsVersion = 9.2;
						ProvisioningStyle = Automatic;
					};
					889B3170206885D600B1F5FE = {
						CreatedOnToolsVersion = 9.2;
						ProvisioningStyle = Automatic;
						TestTargetID = 889B315C206885D500B1F5FE;
					};
					889B317B206885D600B1F5FE = {
						CreatedOnToolsVersion = 9.2;
						ProvisioningStyle = Automatic;
						TestTargetID = 889B315C206885D500B1F5FE;
					};
				};
			};
			buildConfigurationList = 889B3158206885D500B1F5FE /* Build configuration list for PBXProject "APOD" */;
			compatibilityVersion = "Xcode 8.0";
			developmentRegion = en;
			hasScannedForEncodings = 0;
			knownRegions = (
				en,
				Base,
			);
			mainGroup = 889B3154206885D500B1F5FE;
			productRefGroup = 889B315E206885D500B1F5FE /* Products */;
			projectDirPath = "";
			projectRoot = "";
			targets = (
				889B315C206885D500B1F5FE /* APOD */,
				889B3170206885D600B1F5FE /* APODTests */,
				889B317B206885D600B1F5FE /* APODUITests */,
			);
		};
/* End PBXProject section */

/* Begin PBXResourcesBuildPhase section */
		889B315B206885D500B1F5FE /* Resources */ = {
			isa = PBXResourcesBuildPhase;
			buildActionMask = 2147483647;
			files = (
				889B316B206885D500B1F5FE /* LaunchScreen.storyboard in Resources */,
				889B3168206885D500B1F5FE /* Assets.xcassets in Resources */,
				889B3166206885D500B1F5FE /* Main.storyboard in Resources */,
			);
			runOnlyForDeploymentPostprocessing = 0;
		};
		889B316F206885D600B1F5FE /* Resources */ = {
			isa = PBXResourcesBuildPhase;
			buildActionMask = 2147483647;
			files = (
			);
			runOnlyForDeploymentPostprocessing = 0;
		};
		889B317A206885D600B1F5FE /* Resources */ = {
			isa = PBXResourcesBuildPhase;
			buildActionMask = 2147483647;
			files = (
			);
			runOnlyForDeploymentPostprocessing = 0;
		};
/* End PBXResourcesBuildPhase section */

/* Begin PBXShellScriptBuildPhase section */
		0964705643456007B073AE88 /* [CP] Check Pods Manifest.lock */ = {
			isa = PBXShellScriptBuildPhase;
			buildActionMask = 2147483647;
			files = (
			);
			inputPaths = (
				"${PODS_PODFILE_DIR_PATH}/Podfile.lock",
				"${PODS_ROOT}/Manifest.lock",
			);
			name = "[CP] Check Pods Manifest.lock";
			outputPaths = (
				"$(DERIVED_FILE_DIR)/Pods-APODUITests-checkManifestLockResult.txt",
			);
			runOnlyForDeploymentPostprocessing = 0;
			shellPath = /bin/sh;
			shellScript = "diff \"${PODS_PODFILE_DIR_PATH}/Podfile.lock\" \"${PODS_ROOT}/Manifest.lock\" > /dev/null\nif [ $? != 0 ] ; then\n    # print error to STDERR\n    echo \"error: The sandbox is not in sync with the Podfile.lock. Run 'pod install' or update your CocoaPods installation.\" >&2\n    exit 1\nfi\n# This output is used by Xcode 'outputs' to avoid re-running this script phase.\necho \"SUCCESS\" > \"${SCRIPT_OUTPUT_FILE_0}\"\n";
			showEnvVarsInLog = 0;
		};
		507B07889B74EDD28FF731E9 /* [CP] Copy Pods Resources */ = {
			isa = PBXShellScriptBuildPhase;
			buildActionMask = 2147483647;
			files = (
			);
			inputPaths = (
			);
			name = "[CP] Copy Pods Resources";
			outputPaths = (
			);
			runOnlyForDeploymentPostprocessing = 0;
			shellPath = /bin/sh;
			shellScript = "\"${SRCROOT}/Pods/Target Support Files/Pods-APODTests/Pods-APODTests-resources.sh\"\n";
			showEnvVarsInLog = 0;
		};
		8275FF1A9323FA8913E94DD8 /* [CP] Check Pods Manifest.lock */ = {
			isa = PBXShellScriptBuildPhase;
			buildActionMask = 2147483647;
			files = (
			);
			inputPaths = (
				"${PODS_PODFILE_DIR_PATH}/Podfile.lock",
				"${PODS_ROOT}/Manifest.lock",
			);
			name = "[CP] Check Pods Manifest.lock";
			outputPaths = (
				"$(DERIVED_FILE_DIR)/Pods-APODTests-checkManifestLockResult.txt",
			);
			runOnlyForDeploymentPostprocessing = 0;
			shellPath = /bin/sh;
			shellScript = "diff \"${PODS_PODFILE_DIR_PATH}/Podfile.lock\" \"${PODS_ROOT}/Manifest.lock\" > /dev/null\nif [ $? != 0 ] ; then\n    # print error to STDERR\n    echo \"error: The sandbox is not in sync with the Podfile.lock. Run 'pod install' or update your CocoaPods installation.\" >&2\n    exit 1\nfi\n# This output is used by Xcode 'outputs' to avoid re-running this script phase.\necho \"SUCCESS\" > \"${SCRIPT_OUTPUT_FILE_0}\"\n";
			showEnvVarsInLog = 0;
		};
		84C95E3C0EFF1435C3589C0D /* [CP] Embed Pods Frameworks */ = {
			isa = PBXShellScriptBuildPhase;
			buildActionMask = 2147483647;
			files = (
			);
			inputPaths = (
			);
			name = "[CP] Embed Pods Frameworks";
			outputPaths = (
			);
			runOnlyForDeploymentPostprocessing = 0;
			shellPath = /bin/sh;
			shellScript = "\"${SRCROOT}/Pods/Target Support Files/Pods-APOD/Pods-APOD-frameworks.sh\"\n";
			showEnvVarsInLog = 0;
		};
		8A80449B26B141B8E935834A /* [CP] Check Pods Manifest.lock */ = {
			isa = PBXShellScriptBuildPhase;
			buildActionMask = 2147483647;
			files = (
			);
			inputPaths = (
				"${PODS_PODFILE_DIR_PATH}/Podfile.lock",
				"${PODS_ROOT}/Manifest.lock",
			);
			name = "[CP] Check Pods Manifest.lock";
			outputPaths = (
				"$(DERIVED_FILE_DIR)/Pods-APOD-checkManifestLockResult.txt",
			);
			runOnlyForDeploymentPostprocessing = 0;
			shellPath = /bin/sh;
			shellScript = "diff \"${PODS_PODFILE_DIR_PATH}/Podfile.lock\" \"${PODS_ROOT}/Manifest.lock\" > /dev/null\nif [ $? != 0 ] ; then\n    # print error to STDERR\n    echo \"error: The sandbox is not in sync with the Podfile.lock. Run 'pod install' or update your CocoaPods installation.\" >&2\n    exit 1\nfi\n# This output is used by Xcode 'outputs' to avoid re-running this script phase.\necho \"SUCCESS\" > \"${SCRIPT_OUTPUT_FILE_0}\"\n";
			showEnvVarsInLog = 0;
		};
		94A5E50A4C8CF53CDB8DC2F1 /* [CP] Copy Pods Resources */ = {
			isa = PBXShellScriptBuildPhase;
			buildActionMask = 2147483647;
			files = (
			);
			inputPaths = (
			);
			name = "[CP] Copy Pods Resources";
			outputPaths = (
			);
			runOnlyForDeploymentPostprocessing = 0;
			shellPath = /bin/sh;
			shellScript = "\"${SRCROOT}/Pods/Target Support Files/Pods-APOD/Pods-APOD-resources.sh\"\n";
			showEnvVarsInLog = 0;
		};
		C9A3FA6A02E00CA0BC470A02 /* [CP] Copy Pods Resources */ = {
			isa = PBXShellScriptBuildPhase;
			buildActionMask = 2147483647;
			files = (
			);
			inputPaths = (
			);
			name = "[CP] Copy Pods Resources";
			outputPaths = (
			);
			runOnlyForDeploymentPostprocessing = 0;
			shellPath = /bin/sh;
			shellScript = "\"${SRCROOT}/Pods/Target Support Files/Pods-APODUITests/Pods-APODUITests-resources.sh\"\n";
			showEnvVarsInLog = 0;
		};
		DE5B45441AF5A62CD801D868 /* [CP] Embed Pods Frameworks */ = {
			isa = PBXShellScriptBuildPhase;
			buildActionMask = 2147483647;
			files = (
			);
			inputPaths = (
			);
			name = "[CP] Embed Pods Frameworks";
			outputPaths = (
			);
			runOnlyForDeploymentPostprocessing = 0;
			shellPath = /bin/sh;
			shellScript = "\"${SRCROOT}/Pods/Target Support Files/Pods-APODUITests/Pods-APODUITests-frameworks.sh\"\n";
			showEnvVarsInLog = 0;
		};
		F0782CBD0E29EB4AABDFCDF9 /* [CP] Embed Pods Frameworks */ = {
			isa = PBXShellScriptBuildPhase;
			buildActionMask = 2147483647;
			files = (
			);
			inputPaths = (
			);
			name = "[CP] Embed Pods Frameworks";
			outputPaths = (
			);
			runOnlyForDeploymentPostprocessing = 0;
			shellPath = /bin/sh;
			shellScript = "\"${SRCROOT}/Pods/Target Support Files/Pods-APODTests/Pods-APODTests-frameworks.sh\"\n";
			showEnvVarsInLog = 0;
		};
/* End PBXShellScriptBuildPhase section */

/* Begin PBXSourcesBuildPhase section */
		889B3159206885D500B1F5FE /* Sources */ = {
			isa = PBXSourcesBuildPhase;
			buildActionMask = 2147483647;
			files = (
				889B3163206885D500B1F5FE /* ViewController.swift in Sources */,
				889B3161206885D500B1F5FE /* AppDelegate.swift in Sources */,
			);
			runOnlyForDeploymentPostprocessing = 0;
		};
		889B316D206885D600B1F5FE /* Sources */ = {
			isa = PBXSourcesBuildPhase;
			buildActionMask = 2147483647;
			files = (
				889B3176206885D600B1F5FE /* APODTests.swift in Sources */,
			);
			runOnlyForDeploymentPostprocessing = 0;
		};
		889B3178206885D600B1F5FE /* Sources */ = {
			isa = PBXSourcesBuildPhase;
			buildActionMask = 2147483647;
			files = (
				889B3181206885D600B1F5FE /* APODUITests.swift in Sources */,
			);
			runOnlyForDeploymentPostprocessing = 0;
		};
/* End PBXSourcesBuildPhase section */

/* Begin PBXTargetDependency section */
		889B3173206885D600B1F5FE /* PBXTargetDependency */ = {
			isa = PBXTargetDependency;
			target = 889B315C206885D500B1F5FE /* APOD */;
			targetProxy = 889B3172206885D600B1F5FE /* PBXContainerItemProxy */;
		};
		889B317E206885D600B1F5FE /* PBXTargetDependency */ = {
			isa = PBXTargetDependency;
			target = 889B315C206885D500B1F5FE /* APOD */;
			targetProxy = 889B317D206885D600B1F5FE /* PBXContainerItemProxy */;
		};
/* End PBXTargetDependency section */

/* Begin PBXVariantGroup section */
		889B3164206885D500B1F5FE /* Main.storyboard */ = {
			isa = PBXVariantGroup;
			children = (
				889B3165206885D500B1F5FE /* Base */,
			);
			name = Main.storyboard;
			sourceTree = "<group>";
		};
		889B3169206885D500B1F5FE /* LaunchScreen.storyboard */ = {
			isa = PBXVariantGroup;
			children = (
				889B316A206885D500B1F5FE /* Base */,
			);
			name = LaunchScreen.storyboard;
			sourceTree = "<group>";
		};
/* End PBXVariantGroup section */

/* Begin XCBuildConfiguration section */
		889B3183206885D600B1F5FE /* Debug */ = {
			isa = XCBuildConfiguration;
			buildSettings = {
				ALWAYS_SEARCH_USER_PATHS = NO;
				CLANG_ANALYZER_NONNULL = YES;
				CLANG_ANALYZER_NUMBER_OBJECT_CONVERSION = YES_AGGRESSIVE;
				CLANG_CXX_LANGUAGE_STANDARD = "gnu++14";
				CLANG_CXX_LIBRARY = "libc++";
				CLANG_ENABLE_MODULES = YES;
				CLANG_ENABLE_OBJC_ARC = YES;
				CLANG_WARN_BLOCK_CAPTURE_AUTORELEASING = YES;
				CLANG_WARN_BOOL_CONVERSION = YES;
				CLANG_WARN_COMMA = YES;
				CLANG_WARN_CONSTANT_CONVERSION = YES;
				CLANG_WARN_DIRECT_OBJC_ISA_USAGE = YES_ERROR;
				CLANG_WARN_DOCUMENTATION_COMMENTS = YES;
				CLANG_WARN_EMPTY_BODY = YES;
				CLANG_WARN_ENUM_CONVERSION = YES;
				CLANG_WARN_INFINITE_RECURSION = YES;
				CLANG_WARN_INT_CONVERSION = YES;
				CLANG_WARN_NON_LITERAL_NULL_CONVERSION = YES;
				CLANG_WARN_OBJC_LITERAL_CONVERSION = YES;
				CLANG_WARN_OBJC_ROOT_CLASS = YES_ERROR;
				CLANG_WARN_RANGE_LOOP_ANALYSIS = YES;
				CLANG_WARN_STRICT_PROTOTYPES = YES;
				CLANG_WARN_SUSPICIOUS_MOVE = YES;
				CLANG_WARN_UNGUARDED_AVAILABILITY = YES_AGGRESSIVE;
				CLANG_WARN_UNREACHABLE_CODE = YES;
				CLANG_WARN__DUPLICATE_METHOD_MATCH = YES;
				CODE_SIGN_IDENTITY = "iPhone Developer";
				COPY_PHASE_STRIP = NO;
				DEBUG_INFORMATION_FORMAT = dwarf;
				ENABLE_STRICT_OBJC_MSGSEND = YES;
				ENABLE_TESTABILITY = YES;
				GCC_C_LANGUAGE_STANDARD = gnu11;
				GCC_DYNAMIC_NO_PIC = NO;
				GCC_NO_COMMON_BLOCKS = YES;
				GCC_OPTIMIZATION_LEVEL = 0;
				GCC_PREPROCESSOR_DEFINITIONS = (
					"DEBUG=1",
					"$(inherited)",
				);
				GCC_WARN_64_TO_32_BIT_CONVERSION = YES;
				GCC_WARN_ABOUT_RETURN_TYPE = YES_ERROR;
				GCC_WARN_UNDECLARED_SELECTOR = YES;
				GCC_WARN_UNINITIALIZED_AUTOS = YES_AGGRESSIVE;
				GCC_WARN_UNUSED_FUNCTION = YES;
				GCC_WARN_UNUSED_VARIABLE = YES;
				IPHONEOS_DEPLOYMENT_TARGET = 11.2;
				MTL_ENABLE_DEBUG_INFO = YES;
				ONLY_ACTIVE_ARCH = YES;
				SDKROOT = iphoneos;
				SWIFT_ACTIVE_COMPILATION_CONDITIONS = DEBUG;
				SWIFT_OPTIMIZATION_LEVEL = "-Onone";
			};
			name = Debug;
		};
		889B3184206885D600B1F5FE /* Release */ = {
			isa = XCBuildConfiguration;
			buildSettings = {
				ALWAYS_SEARCH_USER_PATHS = NO;
				CLANG_ANALYZER_NONNULL = YES;
				CLANG_ANALYZER_NUMBER_OBJECT_CONVERSION = YES_AGGRESSIVE;
				CLANG_CXX_LANGUAGE_STANDARD = "gnu++14";
				CLANG_CXX_LIBRARY = "libc++";
				CLANG_ENABLE_MODULES = YES;
				CLANG_ENABLE_OBJC_ARC = YES;
				CLANG_WARN_BLOCK_CAPTURE_AUTORELEASING = YES;
				CLANG_WARN_BOOL_CONVERSION = YES;
				CLANG_WARN_COMMA = YES;
				CLANG_WARN_CONSTANT_CONVERSION = YES;
				CLANG_WARN_DIRECT_OBJC_ISA_USAGE = YES_ERROR;
				CLANG_WARN_DOCUMENTATION_COMMENTS = YES;
				CLANG_WARN_EMPTY_BODY = YES;
				CLANG_WARN_ENUM_CONVERSION = YES;
				CLANG_WARN_INFINITE_RECURSION = YES;
				CLANG_WARN_INT_CONVERSION = YES;
				CLANG_WARN_NON_LITERAL_NULL_CONVERSION = YES;
				CLANG_WARN_OBJC_LITERAL_CONVERSION = YES;
				CLANG_WARN_OBJC_ROOT_CLASS = YES_ERROR;
				CLANG_WARN_RANGE_LOOP_ANALYSIS = YES;
				CLANG_WARN_STRICT_PROTOTYPES = YES;
				CLANG_WARN_SUSPICIOUS_MOVE = YES;
				CLANG_WARN_UNGUARDED_AVAILABILITY = YES_AGGRESSIVE;
				CLANG_WARN_UNREACHABLE_CODE = YES;
				CLANG_WARN__DUPLICATE_METHOD_MATCH = YES;
				CODE_SIGN_IDENTITY = "iPhone Developer";
				COPY_PHASE_STRIP = NO;
				DEBUG_INFORMATION_FORMAT = "dwarf-with-dsym";
				ENABLE_NS_ASSERTIONS = NO;
				ENABLE_STRICT_OBJC_MSGSEND = YES;
				GCC_C_LANGUAGE_STANDARD = gnu11;
				GCC_NO_COMMON_BLOCKS = YES;
				GCC_WARN_64_TO_32_BIT_CONVERSION = YES;
				GCC_WARN_ABOUT_RETURN_TYPE = YES_ERROR;
				GCC_WARN_UNDECLARED_SELECTOR = YES;
				GCC_WARN_UNINITIALIZED_AUTOS = YES_AGGRESSIVE;
				GCC_WARN_UNUSED_FUNCTION = YES;
				GCC_WARN_UNUSED_VARIABLE = YES;
				IPHONEOS_DEPLOYMENT_TARGET = 11.2;
				MTL_ENABLE_DEBUG_INFO = NO;
				SDKROOT = iphoneos;
				SWIFT_OPTIMIZATION_LEVEL = "-Owholemodule";
				VALIDATE_PRODUCT = YES;
			};
			name = Release;
		};
		889B3186206885D600B1F5FE /* Debug */ = {
			isa = XCBuildConfiguration;
			baseConfigurationReference = 85BDC472AEC4C284BAAED494 /* Pods-APOD.debug.xcconfig */;
			buildSettings = {
				ASSETCATALOG_COMPILER_APPICON_NAME = AppIcon;
				CODE_SIGN_STYLE = Automatic;
				DEVELOPMENT_TEAM = 9BSS78JSK2;
				INFOPLIST_FILE = APOD/Info.plist;
				LD_RUNPATH_SEARCH_PATHS = "$(inherited) @executable_path/Frameworks";
				PRODUCT_BUNDLE_IDENTIFIER = com.sarkar.APOD;
				PRODUCT_NAME = "$(TARGET_NAME)";
				SWIFT_VERSION = 4.0;
				TARGETED_DEVICE_FAMILY = "1,2";
			};
			name = Debug;
		};
		889B3187206885D600B1F5FE /* Release */ = {
			isa = XCBuildConfiguration;
			baseConfigurationReference = FB7A6E54ADCD6F29F80791FA /* Pods-APOD.release.xcconfig */;
			buildSettings = {
				ASSETCATALOG_COMPILER_APPICON_NAME = AppIcon;
				CODE_SIGN_STYLE = Automatic;
				DEVELOPMENT_TEAM = 9BSS78JSK2;
				INFOPLIST_FILE = APOD/Info.plist;
				LD_RUNPATH_SEARCH_PATHS = "$(inherited) @executable_path/Frameworks";
				PRODUCT_BUNDLE_IDENTIFIER = com.sarkar.APOD;
				PRODUCT_NAME = "$(TARGET_NAME)";
				SWIFT_VERSION = 4.0;
				TARGETED_DEVICE_FAMILY = "1,2";
			};
			name = Release;
		};
		889B3189206885D600B1F5FE /* Debug */ = {
			isa = XCBuildConfiguration;
			baseConfigurationReference = 7496C3FD569C54D1DDB91D65 /* Pods-APODTests.debug.xcconfig */;
			buildSettings = {
				ALWAYS_EMBED_SWIFT_STANDARD_LIBRARIES = YES;
				BUNDLE_LOADER = "$(TEST_HOST)";
				CODE_SIGN_STYLE = Automatic;
				DEVELOPMENT_TEAM = 9BSS78JSK2;
				INFOPLIST_FILE = APODTests/Info.plist;
				LD_RUNPATH_SEARCH_PATHS = "$(inherited) @executable_path/Frameworks @loader_path/Frameworks";
				PRODUCT_BUNDLE_IDENTIFIER = com.sarkar.APODTests;
				PRODUCT_NAME = "$(TARGET_NAME)";
				SWIFT_VERSION = 4.0;
				TARGETED_DEVICE_FAMILY = "1,2";
				TEST_HOST = "$(BUILT_PRODUCTS_DIR)/APOD.app/APOD";
			};
			name = Debug;
		};
		889B318A206885D600B1F5FE /* Release */ = {
			isa = XCBuildConfiguration;
			baseConfigurationReference = 9F56D342AE3CEB339A576E21 /* Pods-APODTests.release.xcconfig */;
			buildSettings = {
				ALWAYS_EMBED_SWIFT_STANDARD_LIBRARIES = YES;
				BUNDLE_LOADER = "$(TEST_HOST)";
				CODE_SIGN_STYLE = Automatic;
				DEVELOPMENT_TEAM = 9BSS78JSK2;
				INFOPLIST_FILE = APODTests/Info.plist;
				LD_RUNPATH_SEARCH_PATHS = "$(inherited) @executable_path/Frameworks @loader_path/Frameworks";
				PRODUCT_BUNDLE_IDENTIFIER = com.sarkar.APODTests;
				PRODUCT_NAME = "$(TARGET_NAME)";
				SWIFT_VERSION = 4.0;
				TARGETED_DEVICE_FAMILY = "1,2";
				TEST_HOST = "$(BUILT_PRODUCTS_DIR)/APOD.app/APOD";
			};
			name = Release;
		};
		889B318C206885D600B1F5FE /* Debug */ = {
			isa = XCBuildConfiguration;
			baseConfigurationReference = 4A39DE5FFC45D308A86DE5C4 /* Pods-APODUITests.debug.xcconfig */;
			buildSettings = {
				ALWAYS_EMBED_SWIFT_STANDARD_LIBRARIES = YES;
				CODE_SIGN_STYLE = Automatic;
				DEVELOPMENT_TEAM = 9BSS78JSK2;
				INFOPLIST_FILE = APODUITests/Info.plist;
				LD_RUNPATH_SEARCH_PATHS = "$(inherited) @executable_path/Frameworks @loader_path/Frameworks";
				PRODUCT_BUNDLE_IDENTIFIER = com.sarkar.APODUITests;
				PRODUCT_NAME = "$(TARGET_NAME)";
				SWIFT_VERSION = 4.0;
				TARGETED_DEVICE_FAMILY = "1,2";
				TEST_TARGET_NAME = APOD;
			};
			name = Debug;
		};
		889B318D206885D600B1F5FE /* Release */ = {
			isa = XCBuildConfiguration;
			baseConfigurationReference = 6377A0589985588A624D2CCA /* Pods-APODUITests.release.xcconfig */;
			buildSettings = {
				ALWAYS_EMBED_SWIFT_STANDARD_LIBRARIES = YES;
				CODE_SIGN_STYLE = Automatic;
				DEVELOPMENT_TEAM = 9BSS78JSK2;
				INFOPLIST_FILE = APODUITests/Info.plist;
				LD_RUNPATH_SEARCH_PATHS = "$(inherited) @executable_path/Frameworks @loader_path/Frameworks";
				PRODUCT_BUNDLE_IDENTIFIER = com.sarkar.APODUITests;
				PRODUCT_NAME = "$(TARGET_NAME)";
				SWIFT_VERSION = 4.0;
				TARGETED_DEVICE_FAMILY = "1,2";
				TEST_TARGET_NAME = APOD;
			};
			name = Release;
		};
/* End XCBuildConfiguration section */

/* Begin XCConfigurationList section */
		889B3158206885D500B1F5FE /* Build configuration list for PBXProject "APOD" */ = {
			isa = XCConfigurationList;
			buildConfigurations = (
				889B3183206885D600B1F5FE /* Debug */,
				889B3184206885D600B1F5FE /* Release */,
			);
			defaultConfigurationIsVisible = 0;
			defaultConfigurationName = Release;
		};
		889B3185206885D600B1F5FE /* Build configuration list for PBXNativeTarget "APOD" */ = {
			isa = XCConfigurationList;
			buildConfigurations = (
				889B3186206885D600B1F5FE /* Debug */,
				889B3187206885D600B1F5FE /* Release */,
			);
			defaultConfigurationIsVisible = 0;
			defaultConfigurationName = Release;
		};
		889B3188206885D600B1F5FE /* Build configuration list for PBXNativeTarget "APODTests" */ = {
			isa = XCConfigurationList;
			buildConfigurations = (
				889B3189206885D600B1F5FE /* Debug */,
				889B318A206885D600B1F5FE /* Release */,
			);
			defaultConfigurationIsVisible = 0;
			defaultConfigurationName = Release;
		};
		889B318B206885D600B1F5FE /* Build configuration list for PBXNativeTarget "APODUITests" */ = {
			isa = XCConfigurationList;
			buildConfigurations = (
				889B318C206885D600B1F5FE /* Debug */,
				889B318D206885D600B1F5FE /* Release */,
			);
			defaultConfigurationIsVisible = 0;
			defaultConfigurationName = Release;
		};
/* End XCConfigurationList section */
	};
	rootObject = 889B3155206885D500B1F5FE /* Project object */;
}
